// !$*UTF8*$!
{
	archiveVersion = 1;
	classes = {
	};
	objectVersion = 46;
	objects = {

/* Begin PBXBuildFile section */
		AC9862AE1C911E830025D5D9 /* main.m in Sources */ = {isa = PBXBuildFile; fileRef = AC9862AD1C911E830025D5D9 /* main.m */; };
		AC9862B11C911E830025D5D9 /* AppDelegate.m in Sources */ = {isa = PBXBuildFile; fileRef = AC9862B01C911E830025D5D9 /* AppDelegate.m */; };
		AC9862B41C911E830025D5D9 /* ViewController.m in Sources */ = {isa = PBXBuildFile; fileRef = AC9862B31C911E830025D5D9 /* ViewController.m */; };
		AC9862B71C911E830025D5D9 /* Main.storyboard in Resources */ = {isa = PBXBuildFile; fileRef = AC9862B51C911E830025D5D9 /* Main.storyboard */; };
		AC9862B91C911E830025D5D9 /* Assets.xcassets in Resources */ = {isa = PBXBuildFile; fileRef = AC9862B81C911E830025D5D9 /* Assets.xcassets */; };
		AC9862BC1C911E830025D5D9 /* LaunchScreen.storyboard in Resources */ = {isa = PBXBuildFile; fileRef = AC9862BA1C911E830025D5D9 /* LaunchScreen.storyboard */; };
		AC9862C51C911EF10025D5D9 /* ViewControllerA.m in Sources */ = {isa = PBXBuildFile; fileRef = AC9862C41C911EF10025D5D9 /* ViewControllerA.m */; };
		AC9862C81C911EFD0025D5D9 /* ViewControllerB.m in Sources */ = {isa = PBXBuildFile; fileRef = AC9862C71C911EFD0025D5D9 /* ViewControllerB.m */; };
		AC9862CB1C911F150025D5D9 /* UIViewController+Status.m in Sources */ = {isa = PBXBuildFile; fileRef = AC9862CA1C911F150025D5D9 /* UIViewController+Status.m */; };
		AC9862CD1C911F940025D5D9 /* Status.xib in Resources */ = {isa = PBXBuildFile; fileRef = AC9862CC1C911F940025D5D9 /* Status.xib */; };
/* End PBXBuildFile section */

/* Begin PBXFileReference section */
		AC9862A91C911E830025D5D9 /* Status.app */ = {isa = PBXFileReference; explicitFileType = wrapper.application; includeInIndex = 0; path = Status.app; sourceTree = BUILT_PRODUCTS_DIR; };
		AC9862AD1C911E830025D5D9 /* main.m */ = {isa = PBXFileReference; lastKnownFileType = sourcecode.c.objc; path = main.m; sourceTree = "<group>"; };
		AC9862AF1C911E830025D5D9 /* AppDelegate.h */ = {isa = PBXFileReference; lastKnownFileType = sourcecode.c.h; path = AppDelegate.h; sourceTree = "<group>"; };
		AC9862B01C911E830025D5D9 /* AppDelegate.m */ = {isa = PBXFileReference; lastKnownFileType = sourcecode.c.objc; path = AppDelegate.m; sourceTree = "<group>"; };
		AC9862B21C911E830025D5D9 /* ViewController.h */ = {isa = PBXFileReference; lastKnownFileType = sourcecode.c.h; path = ViewController.h; sourceTree = "<group>"; };
		AC9862B31C911E830025D5D9 /* ViewController.m */ = {isa = PBXFileReference; lastKnownFileType = sourcecode.c.objc; path = ViewController.m; sourceTree = "<group>"; };
		AC9862B61C911E830025D5D9 /* Base */ = {isa = PBXFileReference; lastKnownFileType = file.storyboard; name = Base; path = Base.lproj/Main.storyboard; sourceTree = "<group>"; };
		AC9862B81C911E830025D5D9 /* Assets.xcassets */ = {isa = PBXFileReference; lastKnownFileType = folder.assetcatalog; path = Assets.xcassets; sourceTree = "<group>"; };
		AC9862BB1C911E830025D5D9 /* Base */ = {isa = PBXFileReference; lastKnownFileType = file.storyboard; name = Base; path = Base.lproj/LaunchScreen.storyboard; sourceTree = "<group>"; };
		AC9862BD1C911E830025D5D9 /* Info.plist */ = {isa = PBXFileReference; lastKnownFileType = text.plist.xml; path = Info.plist; sourceTree = "<group>"; };
		AC9862C31C911EF10025D5D9 /* ViewControllerA.h */ = {isa = PBXFileReference; fileEncoding = 4; lastKnownFileType = sourcecode.c.h; path = ViewControllerA.h; sourceTree = "<group>"; };
		AC9862C41C911EF10025D5D9 /* ViewControllerA.m */ = {isa = PBXFileReference; fileEncoding = 4; lastKnownFileType = sourcecode.c.objc; path = ViewControllerA.m; sourceTree = "<group>"; };
		AC9862C61C911EFD0025D5D9 /* ViewControllerB.h */ = {isa = PBXFileReference; fileEncoding = 4; lastKnownFileType = sourcecode.c.h; path = ViewControllerB.h; sourceTree = "<group>"; };
		AC9862C71C911EFD0025D5D9 /* ViewControllerB.m */ = {isa = PBXFileReference; fileEncoding = 4; lastKnownFileType = sourcecode.c.objc; path = ViewControllerB.m; sourceTree = "<group>"; };
		AC9862C91C911F150025D5D9 /* UIViewController+Status.h */ = {isa = PBXFileReference; fileEncoding = 4; lastKnownFileType = sourcecode.c.h; path = "UIViewController+Status.h"; sourceTree = "<group>"; };
		AC9862CA1C911F150025D5D9 /* UIViewController+Status.m */ = {isa = PBXFileReference; fileEncoding = 4; lastKnownFileType = sourcecode.c.objc; path = "UIViewController+Status.m"; sourceTree = "<group>"; };
		AC9862CC1C911F940025D5D9 /* Status.xib */ = {isa = PBXFileReference; fileEncoding = 4; lastKnownFileType = file.xib; path = Status.xib; sourceTree = "<group>"; };
/* End PBXFileReference section */

/* Begin PBXFrameworksBuildPhase section */
		AC9862A61C911E830025D5D9 /* Frameworks */ = {
			isa = PBXFrameworksBuildPhase;
			buildActionMask = 2147483647;
			files = (
			);
			runOnlyForDeploymentPostprocessing = 0;
		};
/* End PBXFrameworksBuildPhase section */

/* Begin PBXGroup section */
		AC9862A01C911E830025D5D9 = {
			isa = PBXGroup;
			children = (
				AC9862AB1C911E830025D5D9 /* Status */,
				AC9862AA1C911E830025D5D9 /* Products */,
			);
			sourceTree = "<group>";
		};
		AC9862AA1C911E830025D5D9 /* Products */ = {
			isa = PBXGroup;
			children = (
				AC9862A91C911E830025D5D9 /* Status.app */,
			);
			name = Products;
			sourceTree = "<group>";
		};
		AC9862AB1C911E830025D5D9 /* Status */ = {
			isa = PBXGroup;
			children = (
				AC9862CF1C912C730025D5D9 /* ExampleUsage */,
				AC9862CE1C912C620025D5D9 /* Status */,
				AC9862B81C911E830025D5D9 /* Assets.xcassets */,
				AC9862BA1C911E830025D5D9 /* LaunchScreen.storyboard */,
				AC9862BD1C911E830025D5D9 /* Info.plist */,
				AC9862AC1C911E830025D5D9 /* Supporting Files */,
			);
			path = Status;
			sourceTree = "<group>";
		};
		AC9862AC1C911E830025D5D9 /* Supporting Files */ = {
			isa = PBXGroup;
			children = (
				AC9862AD1C911E830025D5D9 /* main.m */,
			);
			name = "Supporting Files";
			sourceTree = "<group>";
		};
		AC9862CE1C912C620025D5D9 /* Status */ = {
			isa = PBXGroup;
			children = (
				AC9862C91C911F150025D5D9 /* UIViewController+Status.h */,
				AC9862CA1C911F150025D5D9 /* UIViewController+Status.m */,
				AC9862CC1C911F940025D5D9 /* Status.xib */,
			);
			name = Status;
			sourceTree = "<group>";
		};
		AC9862CF1C912C730025D5D9 /* ExampleUsage */ = {
			isa = PBXGroup;
			children = (
				AC9862AF1C911E830025D5D9 /* AppDelegate.h */,
				AC9862B01C911E830025D5D9 /* AppDelegate.m */,
				AC9862B21C911E830025D5D9 /* ViewController.h */,
				AC9862B31C911E830025D5D9 /* ViewController.m */,
				AC9862C31C911EF10025D5D9 /* ViewControllerA.h */,
				AC9862C41C911EF10025D5D9 /* ViewControllerA.m */,
				AC9862C61C911EFD0025D5D9 /* ViewControllerB.h */,
				AC9862C71C911EFD0025D5D9 /* ViewControllerB.m */,
				AC9862B51C911E830025D5D9 /* Main.storyboard */,
			);
			name = ExampleUsage;
			sourceTree = "<group>";
		};
/* End PBXGroup section */

/* Begin PBXNativeTarget section */
		AC9862A81C911E830025D5D9 /* Status */ = {
			isa = PBXNativeTarget;
			buildConfigurationList = AC9862C01C911E830025D5D9 /* Build configuration list for PBXNativeTarget "Status" */;
			buildPhases = (
				AC9862A51C911E830025D5D9 /* Sources */,
				AC9862A61C911E830025D5D9 /* Frameworks */,
				AC9862A71C911E830025D5D9 /* Resources */,
			);
			buildRules = (
			);
			dependencies = (
			);
			name = Status;
			productName = Status;
			productReference = AC9862A91C911E830025D5D9 /* Status.app */;
			productType = "com.apple.product-type.application";
		};
/* End PBXNativeTarget section */

/* Begin PBXProject section */
		AC9862A11C911E830025D5D9 /* Project object */ = {
			isa = PBXProject;
			attributes = {
				LastUpgradeCheck = 0720;
				ORGANIZATIONNAME = "Spencer Kamchee";
				TargetAttributes = {
					AC9862A81C911E830025D5D9 = {
						CreatedOnToolsVersion = 7.2;
					};
				};
			};
			buildConfigurationList = AC9862A41C911E830025D5D9 /* Build configuration list for PBXProject "Status" */;
			compatibilityVersion = "Xcode 3.2";
			developmentRegion = English;
			hasScannedForEncodings = 0;
			knownRegions = (
				en,
				Base,
			);
			mainGroup = AC9862A01C911E830025D5D9;
			productRefGroup = AC9862AA1C911E830025D5D9 /* Products */;
			projectDirPath = "";
			projectRoot = "";
			targets = (
				AC9862A81C911E830025D5D9 /* Status */,
			);
		};
/* End PBXProject section */

/* Begin PBXResourcesBuildPhase section */
		AC9862A71C911E830025D5D9 /* Resources */ = {
			isa = PBXResourcesBuildPhase;
			buildActionMask = 2147483647;
			files = (
				AC9862BC1C911E830025D5D9 /* LaunchScreen.storyboard in Resources */,
				AC9862B91C911E830025D5D9 /* Assets.xcassets in Resources */,
				AC9862B71C911E830025D5D9 /* Main.storyboard in Resources */,
				AC9862CD1C911F940025D5D9 /* Status.xib in Resources */,
			);
			runOnlyForDeploymentPostprocessing = 0;
		};
/* End PBXResourcesBuildPhase section */

/* Begin PBXSourcesBuildPhase section */
		AC9862A51C911E830025D5D9 /* Sources */ = {
			isa = PBXSourcesBuildPhase;
			buildActionMask = 2147483647;
			files = (
				AC9862CB1C911F150025D5D9 /* UIViewController+Status.m in Sources */,
				AC9862C51C911EF10025D5D9 /* ViewControllerA.m in Sources */,
				AC9862B41C911E830025D5D9 /* ViewController.m in Sources */,
				AC9862B11C911E830025D5D9 /* AppDelegate.m in Sources */,
				AC9862AE1C911E830025D5D9 /* main.m in Sources */,
				AC9862C81C911EFD0025D5D9 /* ViewControllerB.m in Sources */,
			);
			runOnlyForDeploymentPostprocessing = 0;
		};
/* End PBXSourcesBuildPhase section */

/* Begin PBXVariantGroup section */
		AC9862B51C911E830025D5D9 /* Main.storyboard */ = {
			isa = PBXVariantGroup;
			children = (
				AC9862B61C911E830025D5D9 /* Base */,
			);
			name = Main.storyboard;
			sourceTree = "<group>";
		};
		AC9862BA1C911E830025D5D9 /* LaunchScreen.storyboard */ = {
			isa = PBXVariantGroup;
			children = (
				AC9862BB1C911E830025D5D9 /* Base */,
			);
			name = LaunchScreen.storyboard;
			sourceTree = "<group>";
		};
/* End PBXVariantGroup section */

/* Begin XCBuildConfiguration section */
		AC9862BE1C911E830025D5D9 /* Debug */ = {
			isa = XCBuildConfiguration;
			buildSettings = {
				ALWAYS_SEARCH_USER_PATHS = NO;
				CLANG_CXX_LANGUAGE_STANDARD = "gnu++0x";
				CLANG_CXX_LIBRARY = "libc++";
				CLANG_ENABLE_MODULES = YES;
				CLANG_ENABLE_OBJC_ARC = YES;
				CLANG_WARN_BOOL_CONVERSION = YES;
				CLANG_WARN_CONSTANT_CONVERSION = YES;
				CLANG_WARN_DIRECT_OBJC_ISA_USAGE = YES_ERROR;
				CLANG_WARN_EMPTY_BODY = YES;
				CLANG_WARN_ENUM_CONVERSION = YES;
				CLANG_WARN_INT_CONVERSION = YES;
				CLANG_WARN_OBJC_ROOT_CLASS = YES_ERROR;
				CLANG_WARN_UNREACHABLE_CODE = YES;
				CLANG_WARN__DUPLICATE_METHOD_MATCH = YES;
				"CODE_SIGN_IDENTITY[sdk=iphoneos*]" = "iPhone Developer";
				COPY_PHASE_STRIP = NO;
				DEBUG_INFORMATION_FORMAT = dwarf;
				ENABLE_STRICT_OBJC_MSGSEND = YES;
				ENABLE_TESTABILITY = YES;
				GCC_C_LANGUAGE_STANDARD = gnu99;
				GCC_DYNAMIC_NO_PIC = NO;
				GCC_NO_COMMON_BLOCKS = YES;
				GCC_OPTIMIZATION_LEVEL = 0;
				GCC_PREPROCESSOR_DEFINITIONS = (
					"DEBUG=1",
					"$(inherited)",
				);
				GCC_WARN_64_TO_32_BIT_CONVERSION = YES;
				GCC_WARN_ABOUT_RETURN_TYPE = YES_ERROR;
				GCC_WARN_UNDECLARED_SELECTOR = YES;
				GCC_WARN_UNINITIALIZED_AUTOS = YES_AGGRESSIVE;
				GCC_WARN_UNUSED_FUNCTION = YES;
				GCC_WARN_UNUSED_VARIABLE = YES;
				IPHONEOS_DEPLOYMENT_TARGET = 9.0;
				MTL_ENABLE_DEBUG_INFO = YES;
				ONLY_ACTIVE_ARCH = YES;
				SDKROOT = iphoneos;
				TARGETED_DEVICE_FAMILY = "1,2";
			};
			name = Debug;
		};
		AC9862BF1C911E830025D5D9 /* Release */ = {
			isa = XCBuildConfiguration;
			buildSettings = {
				ALWAYS_SEARCH_USER_PATHS = NO;
				CLANG_CXX_LANGUAGE_STANDARD = "gnu++0x";
				CLANG_CXX_LIBRARY = "libc++";
				CLANG_ENABLE_MODULES = YES;
				CLANG_ENABLE_OBJC_ARC = YES;
				CLANG_WARN_BOOL_CONVERSION = YES;
				CLANG_WARN_CONSTANT_CONVERSION = YES;
				CLANG_WARN_DIRECT_OBJC_ISA_USAGE = YES_ERROR;
				CLANG_WARN_EMPTY_BODY = YES;
				CLANG_WARN_ENUM_CONVERSION = YES;
				CLANG_WARN_INT_CONVERSION = YES;
				CLANG_WARN_OBJC_ROOT_CLASS = YES_ERROR;
				CLANG_WARN_UNREACHABLE_CODE = YES;
				CLANG_WARN__DUPLICATE_METHOD_MATCH = YES;
				"CODE_SIGN_IDENTITY[sdk=iphoneos*]" = "iPhone Developer";
				COPY_PHASE_STRIP = NO;
				DEBUG_INFORMATION_FORMAT = "dwarf-with-dsym";
				ENABLE_NS_ASSERTIONS = NO;
				ENABLE_STRICT_OBJC_MSGSEND = YES;
				GCC_C_LANGUAGE_STANDARD = gnu99;
				GCC_NO_COMMON_BLOCKS = YES;
				GCC_WARN_64_TO_32_BIT_CONVERSION = YES;
				GCC_WARN_ABOUT_RETURN_TYPE = YES_ERROR;
				GCC_WARN_UNDECLARED_SELECTOR = YES;
				GCC_WARN_UNINITIALIZED_AUTOS = YES_AGGRESSIVE;
				GCC_WARN_UNUSED_FUNCTION = YES;
				GCC_WARN_UNUSED_VARIABLE = YES;
				IPHONEOS_DEPLOYMENT_TARGET = 9.0;
				MTL_ENABLE_DEBUG_INFO = NO;
				SDKROOT = iphoneos;
				TARGETED_DEVICE_FAMILY = "1,2";
				VALIDATE_PRODUCT = YES;
			};
			name = Release;
		};
		AC9862C11C911E830025D5D9 /* Debug */ = {
			isa = XCBuildConfiguration;
			buildSettings = {
				ASSETCATALOG_COMPILER_APPICON_NAME = AppIcon;
				INFOPLIST_FILE = Status/Info.plist;
				LD_RUNPATH_SEARCH_PATHS = "$(inherited) @executable_path/Frameworks";
				PRODUCT_BUNDLE_IDENTIFIER = com.spencerkamchee.Status;
				PRODUCT_NAME = "$(TARGET_NAME)";
			};
			name = Debug;
		};
		AC9862C21C911E830025D5D9 /* Release */ = {
			isa = XCBuildConfiguration;
			buildSettings = {
				ASSETCATALOG_COMPILER_APPICON_NAME = AppIcon;
				INFOPLIST_FILE = Status/Info.plist;
				LD_RUNPATH_SEARCH_PATHS = "$(inherited) @executable_path/Frameworks";
				PRODUCT_BUNDLE_IDENTIFIER = com.spencerkamchee.Status;
				PRODUCT_NAME = "$(TARGET_NAME)";
			};
			name = Release;
		};
/* End XCBuildConfiguration section */

/* Begin XCConfigurationList section */
		AC9862A41C911E830025D5D9 /* Build configuration list for PBXProject "Status" */ = {
			isa = XCConfigurationList;
			buildConfigurations = (
				AC9862BE1C911E830025D5D9 /* Debug */,
				AC9862BF1C911E830025D5D9 /* Release */,
			);
			defaultConfigurationIsVisible = 0;
			defaultConfigurationName = Release;
		};
		AC9862C01C911E830025D5D9 /* Build configuration list for PBXNativeTarget "Status" */ = {
			isa = XCConfigurationList;
			buildConfigurations = (
				AC9862C11C911E830025D5D9 /* Debug */,
				AC9862C21C911E830025D5D9 /* Release */,
			);
			defaultConfigurationIsVisible = 0;
		};
/* End XCConfigurationList section */
	};
	rootObject = AC9862A11C911E830025D5D9 /* Project object */;
}
